
Microsoft Visual Studio Solution File, Format Version 12.00
# Visual Studio Version 17
VisualStudioVersion = 17.11.35327.3
MinimumVisualStudioVersion = 10.0.40219.1
Project("{8BC9CEB8-8B4A-11D0-8D11-00A0C91BC942}") = "chess_engine", "chess_engine\chess_engine.vcxproj", "{CC558EC8-A38F-4CE9-8BEC-E587AB0FD203}"
EndProject
Project("{2150E333-8FDC-42A3-9474-1A3956D46DE8}") = "Solution Items", "Solution Items", "{56A7A095-AC97-407E-85A8-6709771A8DC5}"
	ProjectSection(SolutionItems) = preProject
		chess_engine\src\Board.cpp = chess_engine\src\Board.cpp
		chess_engine\src\Board.hpp = chess_engine\src\Board.hpp
		chess_engine\src\main.cpp = chess_engine\src\main.cpp
		chess_engine\src\MoveGen.cpp = chess_engine\src\MoveGen.cpp
		chess_engine\src\MoveGen.hpp = chess_engine\src\MoveGen.hpp
	EndProjectSection
EndProject
Global
	GlobalSection(SolutionConfigurationPlatforms) = preSolution
		Debug|x64 = Debug|x64
		Debug|x86 = Debug|x86
		Release|x64 = Release|x64
		Release|x86 = Release|x86
	EndGlobalSection
	GlobalSection(ProjectConfigurationPlatforms) = postSolution
		{CC558EC8-A38F-4CE9-8BEC-E587AB0FD203}.Debug|x64.ActiveCfg = Debug|x64
		{CC558EC8-A38F-4CE9-8BEC-E587AB0FD203}.Debug|x64.Build.0 = Debug|x64
		{CC558EC8-A38F-4CE9-8BEC-E587AB0FD203}.Debug|x86.ActiveCfg = Debug|Win32
		{CC558EC8-A38F-4CE9-8BEC-E587AB0FD203}.Debug|x86.Build.0 = Debug|Win32
		{CC558EC8-A38F-4CE9-8BEC-E587AB0FD203}.Release|x64.ActiveCfg = Release|x64
		{CC558EC8-A38F-4CE9-8BEC-E587AB0FD203}.Release|x64.Build.0 = Release|x64
		{CC558EC8-A38F-4CE9-8BEC-E587AB0FD203}.Release|x86.ActiveCfg = Release|Win32
		{CC558EC8-A38F-4CE9-8BEC-E587AB0FD203}.Release|x86.Build.0 = Release|Win32
	EndGlobalSection
	GlobalSection(SolutionProperties) = preSolution
		HideSolutionNode = FALSE
	EndGlobalSection
	GlobalSection(ExtensibilityGlobals) = postSolution
		SolutionGuid = {D2E37E72-4321-4E30-BAED-777F9C7AC64F}
	EndGlobalSection
EndGlobal
